
Microsoft Visual Studio Solution File, Format Version 12.00
# Visual Studio Version 16
VisualStudioVersion = 16.0.31702.278
MinimumVisualStudioVersion = 10.0.40219.1
Project("{9A19103F-16F7-4668-BE54-9A1E7A4F7556}") = "ChineseYuanParser", "ChineseYuanParser.csproj", "{05260155-8142-4139-9B46-8AB1F7E0E657}"
EndProject
Global
	GlobalSection(SolutionConfigurationPlatforms) = preSolution
		Debug|Any CPU = Debug|Any CPU
		Release|Any CPU = Release|Any CPU
	EndGlobalSection
	GlobalSection(ProjectConfigurationPlatforms) = postSolution
		{05260155-8142-4139-9B46-8AB1F7E0E657}.Debug|Any CPU.ActiveCfg = Debug|Any CPU
		{05260155-8142-4139-9B46-8AB1F7E0E657}.Debug|Any CPU.Build.0 = Debug|Any CPU
		{05260155-8142-4139-9B46-8AB1F7E0E657}.Release|Any CPU.ActiveCfg = Release|Any CPU
		{05260155-8142-4139-9B46-8AB1F7E0E657}.Release|Any CPU.Build.0 = Release|Any CPU
	EndGlobalSection
	GlobalSection(SolutionProperties) = preSolution
		HideSolutionNode = FALSE
	EndGlobalSection
	GlobalSection(ExtensibilityGlobals) = postSolution
		SolutionGuid = {5A03B453-0F7A-4116-88F1-4DE83A0D320F}
	EndGlobalSection
EndGlobal
